<?xml version="1.0" encoding="utf-8"?>
<Project ToolsVersion="4.0" xmlns="http://schemas.microsoft.com/developer/msbuild/2003">
  <ItemGroup>
    <Filter Include="Source Files">
      <UniqueIdentifier>{4FC737F1-C7A5-4376-A066-2A32D752A2FF}</UniqueIdentifier>
      <Extensions>cpp;c;cc;cxx;def;odl;idl;hpj;bat;asm;asmx</Extensions>
    </Filter>
    <Filter Include="Header Files">
      <UniqueIdentifier>{93995380-89BD-4b04-88EB-625FBE52EBFB}</UniqueIdentifier>
      <Extensions>h;hh;hpp;hxx;hm;inl;inc;ipp;xsd</Extensions>
    </Filter>
    <Filter Include="Resource Files">
      <UniqueIdentifier>{67DA6AB6-F800-4c08-8B7A-83BB121AAD01}</UniqueIdentifier>
      <Extensions>rc;ico;cur;bmp;dlg;rc2;rct;bin;rgs;gif;jpg;jpeg;jpe;resx;tiff;tif;png;wav;mfcribbon-ms</Extensions>
    </Filter>
  </ItemGroup>
  <ItemGroup>
    <ClCompile Include="EditorSource\Editors\Content_Browser.cpp">
      <Filter>Source Files</Filter>
    </ClCompile>
    <ClCompile Include="EditorSource\Editors\Main_Window.cpp">
      <Filter>Source Files</Filter>
    </ClCompile>
    <ClCompile Include="EditorSource\Editors\Status_Window.cpp">
      <Filter>Source Files</Filter>
    </ClCompile>
    <ClCompile Include="EditorSource\Editor.cpp">
      <Filter>Source Files</Filter>
    </ClCompile>
    <ClCompile Include="EditorSource\FileSystem\ResourceLoaders\Material_Type_Loader.cpp">
      <Filter>Source Files</Filter>
    </ClCompile>
    <ClCompile Include="EditorSource\FileSystem\ResourceLoaders\Model_Loader.cpp">
      <Filter>Source Files</Filter>
    </ClCompile>
    <ClCompile Include="EditorSource\FileSystem\ResourceLoaders\Texture_Loader.cpp">
      <Filter>Source Files</Filter>
    </ClCompile>
    <ClCompile Include="EditorSource\FileSystem\EditorFileSystem_Core.cpp">
      <Filter>Source Files</Filter>
    </ClCompile>
    <ClCompile Include="EditorSource\FileSystem\ResourceLoaders\MaterialInstance_Import.cpp">
      <Filter>Source Files</Filter>
    </ClCompile>
    <ClCompile Include="EditorSource\Editors\IMGUI_DEFAULT_WINDOWs.cpp">
      <Filter>Source Files</Filter>
    </ClCompile>
    <ClCompile Include="EditorSource\Editors\Scene_Editor.cpp">
      <Filter>Source Files</Filter>
    </ClCompile>
    <ClCompile Include="EditorSource\Editors\Properties_Window.cpp">
      <Filter>Source Files</Filter>
    </ClCompile>
  </ItemGroup>
  <ItemGroup>
    <ClInclude Include="EditorSource\Editors\Content_Browser.h">
      <Filter>Header Files</Filter>
    </ClInclude>
    <ClInclude Include="EditorSource\Editors\EDITORs.h">
      <Filter>Header Files</Filter>
    </ClInclude>
    <ClInclude Include="EditorSource\Editors\Main_Window.h">
      <Filter>Header Files</Filter>
    </ClInclude>
    <ClInclude Include="EditorSource\Editors\Properties_Window.h">
      <Filter>Header Files</Filter>
    </ClInclude>
    <ClInclude Include="EditorSource\Editors\Status_Window.h">
      <Filter>Header Files</Filter>
    </ClInclude>
    <ClInclude Include="EditorSource\Editor.h">
      <Filter>Header Files</Filter>
    </ClInclude>
    <ClInclude Include="EditorSource\Editor_Includes.h">
      <Filter>Header Files</Filter>
    </ClInclude>
    <ClInclude Include="EditorSource\FileSystem\ResourceLoaders\Material_Type_Loader.h">
      <Filter>Header Files</Filter>
    </ClInclude>
    <ClInclude Include="EditorSource\FileSystem\ResourceLoaders\Model_Loader.h">
      <Filter>Header Files</Filter>
    </ClInclude>
    <ClInclude Include="EditorSource\FileSystem\ResourceLoaders\Texture_Loader.h">
      <Filter>Header Files</Filter>
    </ClInclude>
    <ClInclude Include="EditorSource\FileSystem\EditorFileSystem_Core.h">
      <Filter>Header Files</Filter>
    </ClInclude>
    <ClInclude Include="EditorSource\FileSystem\ResourceLoaders\MaterialInstance_Import.h">
      <Filter>Header Files</Filter>
    </ClInclude>
    <ClInclude Include="EditorSource\Editors\IMGUI_DEFAULT_WINDOWs.h">
      <Filter>Header Files</Filter>
    </ClInclude>
    <ClInclude Include="EditorSource\Editors\Scene_Editor.h">
      <Filter>Header Files</Filter>
    </ClInclude>
  </ItemGroup>
  <ItemGroup>
    <None Include="Content\Files\EditorSpecific\File_List.bin">
      <Filter>Resource Files</Filter>
    </None>
    <None Include="assimp.dll" />
    <None Include="File_List.enginecont" />
    <None Include="imgui.ini" />
  </ItemGroup>
</Project>