<?xml version="1.0" encoding="utf-8"?>
<Project ToolsVersion="4.0" xmlns="http://schemas.microsoft.com/developer/msbuild/2003">
  <ItemGroup>
    <Filter Include="Source Files">
      <UniqueIdentifier>{4FC737F1-C7A5-4376-A066-2A32D752A2FF}</UniqueIdentifier>
      <Extensions>cpp;c;cc;cxx;def;odl;idl;hpj;bat;asm;asmx</Extensions>
    </Filter>
    <Filter Include="Header Files">
      <UniqueIdentifier>{93995380-89BD-4b04-88EB-625FBE52EBFB}</UniqueIdentifier>
      <Extensions>h;hh;hpp;hxx;hm;inl;inc;ipp;xsd</Extensions>
    </Filter>
    <Filter Include="Resource Files">
      <UniqueIdentifier>{67DA6AB6-F800-4c08-8B7A-83BB121AAD01}</UniqueIdentifier>
      <Extensions>rc;ico;cur;bmp;dlg;rc2;rct;bin;rgs;gif;jpg;jpeg;jpe;resx;tiff;tif;png;wav;mfcribbon-ms</Extensions>
    </Filter>
  </ItemGroup>
  <ItemGroup>
    <ClCompile Include="Content\Materials\PostProcess_Material.cpp">
      <Filter>Source Files</Filter>
    </ClCompile>
    <ClCompile Include="Content\Materials\Surface_Material.cpp">
      <Filter>Source Files</Filter>
    </ClCompile>
    <ClCompile Include="EditorSource\Editor.cpp">
      <Filter>Source Files</Filter>
    </ClCompile>
    <ClCompile Include="EditorSource\ResourceCompiler\DataFormats\Model_Data_Format.cpp">
      <Filter>Source Files</Filter>
    </ClCompile>
    <ClCompile Include="EditorSource\ResourceCompiler\EditorFileSystem\EditorFileSystem_Core.cpp">
      <Filter>Source Files</Filter>
    </ClCompile>
    <ClCompile Include="EditorSource\ResourceCompiler\ResourceLoaders\Mesh_Loader.cpp">
      <Filter>Source Files</Filter>
    </ClCompile>
  </ItemGroup>
  <ItemGroup>
    <ClInclude Include="Content\Model_DiskFiles.h">
      <Filter>Header Files</Filter>
    </ClInclude>
    <ClInclude Include="Content\Scene.h">
      <Filter>Header Files</Filter>
    </ClInclude>
    <ClInclude Include="Content\Materials\PostProcess_Material.h">
      <Filter>Header Files</Filter>
    </ClInclude>
    <ClInclude Include="Content\Materials\Surface_Material.h">
      <Filter>Header Files</Filter>
    </ClInclude>
    <ClInclude Include="Content\Materials\Materials.h">
      <Filter>Header Files</Filter>
    </ClInclude>
    <ClInclude Include="EditorSource\Editor.h">
      <Filter>Header Files</Filter>
    </ClInclude>
    <ClInclude Include="EditorSource\Editor_Includes.h">
      <Filter>Header Files</Filter>
    </ClInclude>
    <ClInclude Include="Content\Materials\Shaders\Shaders.h">
      <Filter>Header Files</Filter>
    </ClInclude>
    <ClInclude Include="EditorSource\ResourceCompiler\DataFormats\ALL_DATA_FORMATs.h">
      <Filter>Header Files</Filter>
    </ClInclude>
    <ClInclude Include="EditorSource\ResourceCompiler\DataFormats\Model_Data_Format.h">
      <Filter>Header Files</Filter>
    </ClInclude>
    <ClInclude Include="EditorSource\ResourceCompiler\EditorFileSystem\EditorFileSystem_Core.h">
      <Filter>Header Files</Filter>
    </ClInclude>
    <ClInclude Include="EditorSource\ResourceCompiler\ResourceLoaders\Mesh_Loader.h">
      <Filter>Header Files</Filter>
    </ClInclude>
  </ItemGroup>
  <ItemGroup>
    <None Include="Content\Materials\Shaders\Main.frag" />
    <None Include="Content\Materials\Shaders\Main.vert" />
    <None Include="Content\Materials\Shaders\Post_Process.frag" />
    <None Include="Content\Materials\Shaders\Post_Process.vert" />
    <None Include="Content\Files\EditorSpecific\File_List.bin">
      <Filter>Resource Files</Filter>
    </None>
    <None Include="File_List.enginecont" />
  </ItemGroup>
</Project>