<?xml version="1.0" encoding="utf-8"?>
<Project ToolsVersion="4.0" xmlns="http://schemas.microsoft.com/developer/msbuild/2003">
  <ItemGroup>
    <Filter Include="Source Files">
      <UniqueIdentifier>{4FC737F1-C7A5-4376-A066-2A32D752A2FF}</UniqueIdentifier>
      <Extensions>cpp;c;cc;cxx;def;odl;idl;hpj;bat;asm;asmx</Extensions>
    </Filter>
    <Filter Include="Header Files">
      <UniqueIdentifier>{93995380-89BD-4b04-88EB-625FBE52EBFB}</UniqueIdentifier>
      <Extensions>h;hh;hpp;hxx;hm;inl;inc;ipp;xsd</Extensions>
    </Filter>
    <Filter Include="Resource Files">
      <UniqueIdentifier>{67DA6AB6-F800-4c08-8B7A-83BB121AAD01}</UniqueIdentifier>
      <Extensions>rc;ico;cur;bmp;dlg;rc2;rct;bin;rgs;gif;jpg;jpeg;jpe;resx;tiff;tif;png;wav;mfcribbon-ms</Extensions>
    </Filter>
  </ItemGroup>
  <ItemGroup>
    <ClInclude Include="EngineSource\Engine\Controllers\Controller_Center.h">
      <Filter>Header Files</Filter>
    </ClInclude>
    <ClInclude Include="EngineSource\Engine\Controllers\Gamepad_Controller.h">
      <Filter>Header Files</Filter>
    </ClInclude>
    <ClInclude Include="EngineSource\Engine\Controllers\Keyboard_Controller.h">
      <Filter>Header Files</Filter>
    </ClInclude>
    <ClInclude Include="EngineSource\Engine\Controllers\Mouse_Controller.h">
      <Filter>Header Files</Filter>
    </ClInclude>
    <ClInclude Include="EngineSource\Engine\EngineComponents\Camera.h">
      <Filter>Header Files</Filter>
    </ClInclude>
    <ClInclude Include="EngineSource\Engine\EngineComponents\EngineComponent.h">
      <Filter>Header Files</Filter>
    </ClInclude>
    <ClInclude Include="EngineSource\Engine\EngineComponents\Static_Model_Instance.h">
      <Filter>Header Files</Filter>
    </ClInclude>
    <ClInclude Include="EngineSource\Engine\Meshes\Mesh_Data_Class.h">
      <Filter>Header Files</Filter>
    </ClInclude>
    <ClInclude Include="EngineSource\Engine\Meshes\Mesh_HEADER.h">
      <Filter>Header Files</Filter>
    </ClInclude>
    <ClInclude Include="EngineSource\Engine\Meshes\MESH_OBJs.h">
      <Filter>Header Files</Filter>
    </ClInclude>
    <ClInclude Include="EngineSource\Engine\Meshes\Static_Model_Class.h">
      <Filter>Header Files</Filter>
    </ClInclude>
    <ClInclude Include="EngineSource\Engine\Scene\Scene_Core.h">
      <Filter>Header Files</Filter>
    </ClInclude>
    <ClInclude Include="EngineSource\Engine\ENGINE_HEADER.h">
      <Filter>Header Files</Filter>
    </ClInclude>
    <ClInclude Include="EngineSource\Graphics\SYSTEM_INSPECTOR.h">
      <Filter>Header Files</Filter>
    </ClInclude>
    <ClInclude Include="EngineSource\Engine_Includes.h">
      <Filter>Header Files</Filter>
    </ClInclude>
    <ClInclude Include="EngineSource\TuranEngine.h">
      <Filter>Header Files</Filter>
    </ClInclude>
    <ClInclude Include="EngineSource\ENGINE_ENUMs.h">
      <Filter>Header Files</Filter>
    </ClInclude>
    <ClInclude Include="EngineSource\Engine\GameObject\GameObject.h">
      <Filter>Header Files</Filter>
    </ClInclude>
    <ClInclude Include="EngineSource\Graphics\RenderContext\Game_RenderGraph.h">
      <Filter>Header Files</Filter>
    </ClInclude>
  </ItemGroup>
  <ItemGroup>
    <ClCompile Include="EngineSource\Engine\Controllers\Controller_Center.cpp">
      <Filter>Source Files</Filter>
    </ClCompile>
    <ClCompile Include="EngineSource\Engine\Controllers\Gamepad_Controller.cpp">
      <Filter>Source Files</Filter>
    </ClCompile>
    <ClCompile Include="EngineSource\Engine\Controllers\Keyboard_Controller.cpp">
      <Filter>Source Files</Filter>
    </ClCompile>
    <ClCompile Include="EngineSource\Engine\Controllers\Mouse_Controller.cpp">
      <Filter>Source Files</Filter>
    </ClCompile>
    <ClCompile Include="EngineSource\Engine\EngineComponents\Camera.cpp">
      <Filter>Source Files</Filter>
    </ClCompile>
    <ClCompile Include="EngineSource\Engine\EngineComponents\Static_Model_Instance.cpp">
      <Filter>Source Files</Filter>
    </ClCompile>
    <ClCompile Include="EngineSource\Engine\Meshes\Mesh_Data_Class.cpp">
      <Filter>Source Files</Filter>
    </ClCompile>
    <ClCompile Include="EngineSource\Engine\Meshes\MESH_FILEs.cpp">
      <Filter>Source Files</Filter>
    </ClCompile>
    <ClCompile Include="EngineSource\Engine\Meshes\Static_Model_Class.cpp">
      <Filter>Source Files</Filter>
    </ClCompile>
    <ClCompile Include="EngineSource\Engine\Scene\Scene_Core.cpp">
      <Filter>Source Files</Filter>
    </ClCompile>
    <ClCompile Include="EngineSource\Graphics\SYSTEM_INSPECTOR.cpp">
      <Filter>Source Files</Filter>
    </ClCompile>
    <ClCompile Include="EngineSource\TuranEngine.cpp">
      <Filter>Source Files</Filter>
    </ClCompile>
    <ClCompile Include="EngineSource\Engine\EngineComponents\EngineComponent.cpp">
      <Filter>Source Files</Filter>
    </ClCompile>
    <ClCompile Include="EngineSource\Engine\GameObject\GameObject.cpp">
      <Filter>Source Files</Filter>
    </ClCompile>
    <ClCompile Include="EngineSource\Graphics\RenderContext\Game_RenderGraph.cpp">
      <Filter>Source Files</Filter>
    </ClCompile>
  </ItemGroup>
  <ItemGroup>
    <None Include="assimp.dll" />
    <None Include="nsight_profiler.cfg" />
    <None Include="File_List.enginecont" />
  </ItemGroup>
</Project>