<?xml version="1.0" encoding="utf-8"?>
<Project ToolsVersion="4.0" xmlns="http://schemas.microsoft.com/developer/msbuild/2003">
  <ItemGroup>
    <Filter Include="Source Files">
      <UniqueIdentifier>{4FC737F1-C7A5-4376-A066-2A32D752A2FF}</UniqueIdentifier>
      <Extensions>cpp;c;cc;cxx;def;odl;idl;hpj;bat;asm;asmx</Extensions>
    </Filter>
    <Filter Include="Header Files">
      <UniqueIdentifier>{93995380-89BD-4b04-88EB-625FBE52EBFB}</UniqueIdentifier>
      <Extensions>h;hh;hpp;hxx;hm;inl;inc;ipp;xsd</Extensions>
    </Filter>
    <Filter Include="Resource Files">
      <UniqueIdentifier>{67DA6AB6-F800-4c08-8B7A-83BB121AAD01}</UniqueIdentifier>
      <Extensions>rc;ico;cur;bmp;dlg;rc2;rct;bin;rgs;gif;jpg;jpeg;jpe;resx;tiff;tif;png;wav;mfcribbon-ms</Extensions>
    </Filter>
  </ItemGroup>
  <ItemGroup>
    <ClInclude Include="EngineSource\Engine\ENGINE_HEADER.h">
      <Filter>Header Files</Filter>
    </ClInclude>
    <ClInclude Include="EngineSource\Graphics\SYSTEM_INSPECTOR.h">
      <Filter>Header Files</Filter>
    </ClInclude>
    <ClInclude Include="EngineSource\Engine_Includes.h">
      <Filter>Header Files</Filter>
    </ClInclude>
    <ClInclude Include="EngineSource\TuranEngine.h">
      <Filter>Header Files</Filter>
    </ClInclude>
    <ClInclude Include="EngineSource\ENGINE_ENUMs.h">
      <Filter>Header Files</Filter>
    </ClInclude>
    <ClInclude Include="EngineSource\Graphics\RenderContext\Game_RenderGraph.h">
      <Filter>Header Files</Filter>
    </ClInclude>
    <ClInclude Include="EngineSource\Graphics\RenderContext\Draw Passes\GBuffer_DrawPass.h">
      <Filter>Header Files</Filter>
    </ClInclude>
    <ClInclude Include="EngineSource\Graphics\RenderContext\Draw Passes\Draw_Passes.h">
      <Filter>Header Files</Filter>
    </ClInclude>
  </ItemGroup>
  <ItemGroup>
    <ClCompile Include="EngineSource\Graphics\SYSTEM_INSPECTOR.cpp">
      <Filter>Source Files</Filter>
    </ClCompile>
    <ClCompile Include="EngineSource\TuranEngine.cpp">
      <Filter>Source Files</Filter>
    </ClCompile>
    <ClCompile Include="EngineSource\Graphics\RenderContext\Game_RenderGraph.cpp">
      <Filter>Source Files</Filter>
    </ClCompile>
    <ClCompile Include="EngineSource\Graphics\RenderContext\Draw Passes\GBuffer_DrawPass.cpp">
      <Filter>Source Files</Filter>
    </ClCompile>
  </ItemGroup>
  <ItemGroup>
    <None Include="nsight_profiler.cfg" />
  </ItemGroup>
</Project>