<?xml version="1.0" encoding="utf-8"?>
<Project ToolsVersion="4.0" xmlns="http://schemas.microsoft.com/developer/msbuild/2003">
  <ItemGroup>
    <Filter Include="Source Files">
      <UniqueIdentifier>{4FC737F1-C7A5-4376-A066-2A32D752A2FF}</UniqueIdentifier>
      <Extensions>cpp;c;cc;cxx;def;odl;idl;hpj;bat;asm;asmx</Extensions>
    </Filter>
    <Filter Include="Header Files">
      <UniqueIdentifier>{93995380-89BD-4b04-88EB-625FBE52EBFB}</UniqueIdentifier>
      <Extensions>h;hh;hpp;hxx;hm;inl;inc;ipp;xsd</Extensions>
    </Filter>
    <Filter Include="Resource Files">
      <UniqueIdentifier>{67DA6AB6-F800-4c08-8B7A-83BB121AAD01}</UniqueIdentifier>
      <Extensions>rc;ico;cur;bmp;dlg;rc2;rct;bin;rgs;gif;jpg;jpeg;jpe;resx;tiff;tif;png;wav;mfcribbon-ms</Extensions>
    </Filter>
  </ItemGroup>
  <ItemGroup>
    <ClInclude Include="GFXSource\Renderer\GFX_Draw_Pass.h">
      <Filter>Header Files</Filter>
    </ClInclude>
    <ClInclude Include="GFXSource\Renderer\GFX_Framebuffer.h">
      <Filter>Header Files</Filter>
    </ClInclude>
    <ClInclude Include="GFXSource\Renderer\GFX_Render_Target.h">
      <Filter>Header Files</Filter>
    </ClInclude>
    <ClInclude Include="GFXSource\Renderer\GFX_Renderer.h">
      <Filter>Header Files</Filter>
    </ClInclude>
    <ClInclude Include="GFXSource\Renderer\GFX_RenderGraph.h">
      <Filter>Header Files</Filter>
    </ClInclude>
    <ClInclude Include="GFXSource\Renderer\GFX_Shader_Resource.h">
      <Filter>Header Files</Filter>
    </ClInclude>
    <ClInclude Include="GFXSource\Renderer\GFXI_Draw_Resource.h">
      <Filter>Header Files</Filter>
    </ClInclude>
    <ClInclude Include="GFXSource\Renderer\GFXI_MESH_REPRESENTATION.h">
      <Filter>Header Files</Filter>
    </ClInclude>
    <ClInclude Include="GFXSource\Renderer\GFXI_Render_Node.h">
      <Filter>Header Files</Filter>
    </ClInclude>
    <ClInclude Include="GFXSource\GFX_Core.h">
      <Filter>Header Files</Filter>
    </ClInclude>
    <ClInclude Include="GFXSource\GFX_ENUMs.h">
      <Filter>Header Files</Filter>
    </ClInclude>
    <ClInclude Include="GFXSource\GFX_Includes.h">
      <Filter>Header Files</Filter>
    </ClInclude>
    <ClInclude Include="GFXSource\GFX_Monitor.h">
      <Filter>Header Files</Filter>
    </ClInclude>
    <ClInclude Include="GFXSource\GFX_Window.h">
      <Filter>Header Files</Filter>
    </ClInclude>
    <ClInclude Include="GFXSource\GFX_FileSystem.h">
      <Filter>Header Files</Filter>
    </ClInclude>
  </ItemGroup>
  <ItemGroup>
    <ClCompile Include="GFXSource\Renderer\GFX_Draw_Pass.cpp">
      <Filter>Source Files</Filter>
    </ClCompile>
    <ClCompile Include="GFXSource\Renderer\GFX_Renderer.cpp">
      <Filter>Source Files</Filter>
    </ClCompile>
    <ClCompile Include="GFXSource\Renderer\GFX_RenderGraph.cpp">
      <Filter>Source Files</Filter>
    </ClCompile>
    <ClCompile Include="GFXSource\GFX_Core.cpp">
      <Filter>Source Files</Filter>
    </ClCompile>
    <ClCompile Include="GFXSource\GFX_Monitor.cpp">
      <Filter>Source Files</Filter>
    </ClCompile>
    <ClCompile Include="GFXSource\GFX_Window.cpp">
      <Filter>Source Files</Filter>
    </ClCompile>
    <ClCompile Include="GFXSource\Renderer\GFX_Framebuffer.cpp">
      <Filter>Source Files</Filter>
    </ClCompile>
    <ClCompile Include="GFXSource\Renderer\GFXI_MESH_REPRESENTATION.cpp">
      <Filter>Source Files</Filter>
    </ClCompile>
    <ClCompile Include="GFXSource\GFX_FileSystem.cpp">
      <Filter>Source Files</Filter>
    </ClCompile>
    <ClCompile Include="GFXSource\Renderer\GFX_Render_Target.cpp">
      <Filter>Source Files</Filter>
    </ClCompile>
  </ItemGroup>
</Project>